
Microsoft Visual Studio Solution File, Format Version 12.00
# Visual Studio Version 17
VisualStudioVersion = 17.9.34622.214
MinimumVisualStudioVersion = 10.0.40219.1
Project("{FAE04EC0-301F-11D3-BF4B-00C04F79EFBC}") = "Demo.HL7MessageParser", "Demo.HL7MessageParser\Demo.HL7MessageParser.csproj", "{BE8C3682-2147-4458-B6D7-9EA9C8F22A92}"
EndProject
Project("{FAE04EC0-301F-11D3-BF4B-00C04F79EFBC}") = "Demo.HL7MessageParser.Models", "Demo.HL7MessageParser.Models\Demo.HL7MessageParser.Models.csproj", "{4E61A17F-CC30-4F3E-8CFC-2F1ED9594B04}"
EndProject
Project("{2150E333-8FDC-42A3-9474-1A3956D46DE8}") = "Test", "Test", "{037346C3-82F2-421A-A92F-B37F2B9A1555}"
EndProject
Project("{FAE04EC0-301F-11D3-BF4B-00C04F79EFBC}") = "Demo.HL7MessageParser.ServiceSimulator.Test", "Demo.HL7MessageParser.ServiceSimulator.Test\Demo.HL7MessageParser.ServiceSimulator.Test.csproj", "{65AF1249-0E75-47D2-8A3D-9579BB86D0D7}"
	ProjectSection(ProjectDependencies) = postProject
		{8C923817-2871-41D8-AD25-F74136BB7066} = {8C923817-2871-41D8-AD25-F74136BB7066}
		{7CF63643-7D3D-4D7A-AA55-9F8A6F876678} = {7CF63643-7D3D-4D7A-AA55-9F8A6F876678}
	EndProjectSection
EndProject
Project("{FAE04EC0-301F-11D3-BF4B-00C04F79EFBC}") = "Demo.SoapServcie", "Demo.SoapServcie\Demo.SoapServcie.csproj", "{8C923817-2871-41D8-AD25-F74136BB7066}"
EndProject
Project("{FAE04EC0-301F-11D3-BF4B-00C04F79EFBC}") = "Demo.HL7MessageParser.Common", "Demo.HL7MessageParser.Common\Demo.HL7MessageParser.Common.csproj", "{6F4FAD1F-036A-4376-A685-814110E776C9}"
EndProject
Project("{2150E333-8FDC-42A3-9474-1A3956D46DE8}") = "ref", "ref", "{6C372EF8-8740-4667-9C6B-9901D3D2C00A}"
	ProjectSection(SolutionItems) = preProject
		ref\Microsoft.Web.Services3.dll = ref\Microsoft.Web.Services3.dll
	EndProjectSection
EndProject
Project("{FAE04EC0-301F-11D3-BF4B-00C04F79EFBC}") = "Demo.HL7MessageParser.Test", "Demo.HL7MessageParser.Test\Demo.HL7MessageParser.Test.csproj", "{E80A22B4-476F-4D01-8418-3D3AEC878C05}"
EndProject
Project("{FAE04EC0-301F-11D3-BF4B-00C04F79EFBC}") = "Demo.RESTServcie", "Demo.RESTServcie\Demo.RESTServcie.csproj", "{ABF8A41F-AF63-4307-9F8A-13A968BB772D}"
EndProject
Project("{FAE04EC0-301F-11D3-BF4B-00C04F79EFBC}") = "Demo.HL7MessageParser.WinForms", "Demo.HL7MessageParser.WinForms\Demo.HL7MessageParser.WinForms.csproj", "{4C63DB34-3612-443D-B31E-9D84CB848915}"
EndProject
Project("{2150E333-8FDC-42A3-9474-1A3956D46DE8}") = "Data", "Data", "{5A6E0108-98D9-44CF-876C-BC514D0098D0}"
	ProjectSection(SolutionItems) = preProject
		Demo.HL7MessageParser\Soap_Patient.xml = Demo.HL7MessageParser\Soap_Patient.xml
	EndProjectSection
EndProject
Project("{2150E333-8FDC-42A3-9474-1A3956D46DE8}") = "AP", "AP", "{A902BCE8-868A-477C-9B43-10EB4B53D240}"
	ProjectSection(SolutionItems) = preProject
		Data\AP\H0002512.json = Data\AP\H0002512.json
		Data\AP\H0002520.json = Data\AP\H0002520.json
		Data\AP\H000256S.json = Data\AP\H000256S.json
		Data\AP\H001140Y.json = Data\AP\H001140Y.json
		Data\AP\H191100Y.json = Data\AP\H191100Y.json
		Data\AP\H2003001.json = Data\AP\H2003001.json
		Data\AP\H2003002.json = Data\AP\H2003002.json
		Data\AP\H2003003.json = Data\AP\H2003003.json
		Data\AP\H2003004.json = Data\AP\H2003004.json
		Data\AP\H2003005.json = Data\AP\H2003005.json
		Data\AP\H2003006.json = Data\AP\H2003006.json
		Data\AP\H2003007.json = Data\AP\H2003007.json
		Data\AP\H2003008.json = Data\AP\H2003008.json
		Data\AP\H2003009.json = Data\AP\H2003009.json
		Data\AP\H2003010.json = Data\AP\H2003010.json
		Data\AP\H2003011.json = Data\AP\H2003011.json
		Data\AP\H2003012.json = Data\AP\H2003012.json
		Data\AP\H2003013.json = Data\AP\H2003013.json
		Data\AP\H2003014.json = Data\AP\H2003014.json
		Data\AP\H2003015.json = Data\AP\H2003015.json
		Data\AP\H2003016.json = Data\AP\H2003016.json
		Data\AP\H2003017.json = Data\AP\H2003017.json
		Data\AP\H2003018.json = Data\AP\H2003018.json
		Data\AP\H2003019.json = Data\AP\H2003019.json
		Data\AP\H2003020.json = Data\AP\H2003020.json
		Data\AP\INVALID_ACCESSCODE.json = Data\AP\INVALID_ACCESSCODE.json
		Data\AP\INVALID_HKID.json = Data\AP\INVALID_HKID.json
		Data\AP\INVALID_PATIENT.json = Data\AP\INVALID_PATIENT.json
	EndProjectSection
EndProject
Project("{2150E333-8FDC-42A3-9474-1A3956D46DE8}") = "MP", "MP", "{19DA17F4-2945-4D80-B22D-4197A2B4026D}"
	ProjectSection(SolutionItems) = preProject
		Data\MP\HN03191100Y.json = Data\MP\HN03191100Y.json
		Data\MP\HN170002512.json = Data\MP\HN170002512.json
		Data\MP\HN170002520.json = Data\MP\HN170002520.json
		Data\MP\HN17000256S.json = Data\MP\HN17000256S.json
		Data\MP\HN18001140Y.json = Data\MP\HN18001140Y.json
		Data\MP\HN191068129.json = Data\MP\HN191068129.json
		Data\MP\HN191099571.json = Data\MP\HN191099571.json
		Data\MP\HN202003001.json = Data\MP\HN202003001.json
		Data\MP\HN202003002.json = Data\MP\HN202003002.json
		Data\MP\HN202003003.json = Data\MP\HN202003003.json
		Data\MP\HN202003004.json = Data\MP\HN202003004.json
		Data\MP\HN202003005.json = Data\MP\HN202003005.json
		Data\MP\HN202003006.json = Data\MP\HN202003006.json
		Data\MP\HN202003007.json = Data\MP\HN202003007.json
		Data\MP\HN202003008.json = Data\MP\HN202003008.json
		Data\MP\HN202003009.json = Data\MP\HN202003009.json
		Data\MP\HN202003010.json = Data\MP\HN202003010.json
		Data\MP\HN202003011.json = Data\MP\HN202003011.json
		Data\MP\HN202003012.json = Data\MP\HN202003012.json
		Data\MP\HN202003013.json = Data\MP\HN202003013.json
		Data\MP\HN202003014.json = Data\MP\HN202003014.json
		Data\MP\HN202003015.json = Data\MP\HN202003015.json
		Data\MP\HN202003016.json = Data\MP\HN202003016.json
		Data\MP\HN202003017.json = Data\MP\HN202003017.json
		Data\MP\HN202003018.json = Data\MP\HN202003018.json
		Data\MP\HN202003019.json = Data\MP\HN202003019.json
		Data\MP\HN202003020.json = Data\MP\HN202003020.json
		Data\MP\HN202003021.json = Data\MP\HN202003021.json
		Data\MP\HN202003022.json = Data\MP\HN202003022.json
		Data\MP\HN202003023.json = Data\MP\HN202003023.json
		Data\MP\HN202003024.json = Data\MP\HN202003024.json
		Data\MP\HN202003025.json = Data\MP\HN202003025.json
		Data\MP\HN202003026.json = Data\MP\HN202003026.json
		Data\MP\HN202003027.json = Data\MP\HN202003027.json
		Data\MP\HN202003028.json = Data\MP\HN202003028.json
		Data\MP\HN202003029.json = Data\MP\HN202003029.json
		Data\MP\HN202003030.json = Data\MP\HN202003030.json
		Data\MP\HN202003031.json = Data\MP\HN202003031.json
		Data\MP\HN202003032.json = Data\MP\HN202003032.json
		Data\MP\HN202003033.json = Data\MP\HN202003033.json
		Data\MP\HN202003034.json = Data\MP\HN202003034.json
		Data\MP\HN202003035.json = Data\MP\HN202003035.json
		Data\MP\HN202003036.json = Data\MP\HN202003036.json
	EndProjectSection
EndProject
Project("{2150E333-8FDC-42A3-9474-1A3956D46DE8}") = "Solution Items", "Solution Items", "{4D68A9A2-9C15-4E07-94D8-3E9B2407A1F4}"
	ProjectSection(SolutionItems) = preProject
		doc.txt = doc.txt
	EndProjectSection
EndProject
Project("{2150E333-8FDC-42A3-9474-1A3956D46DE8}") = "RQ", "RQ", "{44CDDBF7-219A-4BB0-B902-6987B6C2A176}"
	ProjectSection(SolutionItems) = preProject
		Data\AP\RQ\H0002512.xml = Data\AP\RQ\H0002512.xml
		Data\AP\RQ\H0002520.xml = Data\AP\RQ\H0002520.xml
		Data\AP\RQ\H000256S.xml = Data\AP\RQ\H000256S.xml
		Data\AP\RQ\H001140Y.xml = Data\AP\RQ\H001140Y.xml
		Data\AP\RQ\H191100Y.xml = Data\AP\RQ\H191100Y.xml
		Data\AP\RQ\H2003001.xml = Data\AP\RQ\H2003001.xml
		Data\AP\RQ\H2003002.xml = Data\AP\RQ\H2003002.xml
		Data\AP\RQ\INVALID_ACCESSCODE.xml = Data\AP\RQ\INVALID_ACCESSCODE.xml
		Data\AP\RQ\INVALID_HKID.xml = Data\AP\RQ\INVALID_HKID.xml
		Data\AP\RQ\INVALID_PATIENT.xml = Data\AP\RQ\INVALID_PATIENT.xml
	EndProjectSection
EndProject
Project("{FAE04EC0-301F-11D3-BF4B-00C04F79EFBC}") = "Demo.HL7MessageParser.DTOs", "Demo.HL7MessageParser.DTOs\Demo.HL7MessageParser.DTOs.csproj", "{E1F8AB24-9D6E-43D2-A3F6-BBC290FD2144}"
EndProject
Project("{2150E333-8FDC-42A3-9474-1A3956D46DE8}") = "PE", "PE", "{D0E66100-869F-4576-A079-C5C0B0F7EB1B}"
	ProjectSection(SolutionItems) = preProject
		Data\PE\HN03191100Y.xml = Data\PE\HN03191100Y.xml
		Data\PE\HN170002512.xml = Data\PE\HN170002512.xml
		Data\PE\HN170002520.xml = Data\PE\HN170002520.xml
		Data\PE\HN17000256S.xml = Data\PE\HN17000256S.xml
		Data\PE\HN18001140Y.xml = Data\PE\HN18001140Y.xml
		Data\PE\HN191068129.xml = Data\PE\HN191068129.xml
		Data\PE\HN191099571.xml = Data\PE\HN191099571.xml
		Data\PE\HN202003001.xml = Data\PE\HN202003001.xml
		Data\PE\HN202003002.xml = Data\PE\HN202003002.xml
		Data\PE\HN202003003.xml = Data\PE\HN202003003.xml
		Data\PE\HN202003004.xml = Data\PE\HN202003004.xml
		Data\PE\HN202003005.xml = Data\PE\HN202003005.xml
		Data\PE\HN202003006.xml = Data\PE\HN202003006.xml
		Data\PE\HN202003007.xml = Data\PE\HN202003007.xml
		Data\PE\HN202003008.xml = Data\PE\HN202003008.xml
		Data\PE\HN202003009.xml = Data\PE\HN202003009.xml
		Data\PE\HN202003010.xml = Data\PE\HN202003010.xml
		Data\PE\HN202003011.xml = Data\PE\HN202003011.xml
		Data\PE\HN202003012.xml = Data\PE\HN202003012.xml
		Data\PE\HN202003013.xml = Data\PE\HN202003013.xml
		Data\PE\HN202003014.xml = Data\PE\HN202003014.xml
		Data\PE\HN202003015.xml = Data\PE\HN202003015.xml
		Data\PE\HN202003016.xml = Data\PE\HN202003016.xml
		Data\PE\HN202003017.xml = Data\PE\HN202003017.xml
		Data\PE\HN202003018.xml = Data\PE\HN202003018.xml
		Data\PE\HN202003019.xml = Data\PE\HN202003019.xml
		Data\PE\HN202003020.xml = Data\PE\HN202003020.xml
	EndProjectSection
EndProject
Project("{FAE04EC0-301F-11D3-BF4B-00C04F79EFBC}") = "Demp.SimpleSoapService", "Demp.SimpleSoapService\Demp.SimpleSoapService.csproj", "{7CF63643-7D3D-4D7A-AA55-9F8A6F876678}"
EndProject
Project("{2150E333-8FDC-42A3-9474-1A3956D46DE8}") = "MDS", "MDS", "{1442D4B8-6B5B-4227-BF1C-C457E7B13FD0}"
	ProjectSection(SolutionItems) = preProject
		Data\MDS\H2003001.json = Data\MDS\H2003001.json
		Data\MDS\H2003002.json = Data\MDS\H2003002.json
		Data\MDS\H2003003.json = Data\MDS\H2003003.json
		Data\MDS\H2003004.json = Data\MDS\H2003004.json
		Data\MDS\H2003005.json = Data\MDS\H2003005.json
		Data\MDS\H2003006.json = Data\MDS\H2003006.json
		Data\MDS\H2003007.json = Data\MDS\H2003007.json
		Data\MDS\H2003008.json = Data\MDS\H2003008.json
		Data\MDS\H2003009.json = Data\MDS\H2003009.json
		Data\MDS\H2003010.json = Data\MDS\H2003010.json
		Data\MDS\H2003011.json = Data\MDS\H2003011.json
		Data\MDS\H2003012.json = Data\MDS\H2003012.json
		Data\MDS\H2003013.json = Data\MDS\H2003013.json
		Data\MDS\H2003014.json = Data\MDS\H2003014.json
		Data\MDS\H2003015.json = Data\MDS\H2003015.json
		Data\MDS\H2003016.json = Data\MDS\H2003016.json
		Data\MDS\H2003017.json = Data\MDS\H2003017.json
		Data\MDS\H2003018.json = Data\MDS\H2003018.json
		Data\MDS\H2003019.json = Data\MDS\H2003019.json
		Data\MDS\H2003020.json = Data\MDS\H2003020.json
		Data\MDS\H2003021.json = Data\MDS\H2003021.json
		Data\MDS\H2003022.json = Data\MDS\H2003022.json
		Data\MDS\H2003023.json = Data\MDS\H2003023.json
		Data\MDS\H2003024.json = Data\MDS\H2003024.json
		Data\MDS\H2003025.json = Data\MDS\H2003025.json
		Data\MDS\H2003026.json = Data\MDS\H2003026.json
		Data\MDS\H2003027.json = Data\MDS\H2003027.json
		Data\MDS\H2003028.json = Data\MDS\H2003028.json
		Data\MDS\H2003029.json = Data\MDS\H2003029.json
		Data\MDS\H2003030.json = Data\MDS\H2003030.json
		Data\MDS\H2003031.json = Data\MDS\H2003031.json
		Data\MDS\H2003032.json = Data\MDS\H2003032.json
		Data\MDS\H2003033.json = Data\MDS\H2003033.json
		Data\MDS\H2003034.json = Data\MDS\H2003034.json
		Data\MDS\H2003035.json = Data\MDS\H2003035.json
		Data\MDS\HN130005510.json = Data\MDS\HN130005510.json
		Data\MDS\HN202003001.json = Data\MDS\HN202003001.json
	EndProjectSection
EndProject
Project("{2150E333-8FDC-42A3-9474-1A3956D46DE8}") = "DM", "DM", "{EED021E0-62B9-4A39-849A-18D23C8ABDD9}"
EndProject
Project("{2150E333-8FDC-42A3-9474-1A3956D46DE8}") = "getPreparation", "getPreparation", "{F721A3DF-9D67-440C-95E6-72BA3E6B1840}"
	ProjectSection(SolutionItems) = preProject
		Data\DM\getPreparation\AMET02.xml = Data\DM\getPreparation\AMET02.xml
		Data\DM\getPreparation\H2003001_DEMO01.xml = Data\DM\getPreparation\H2003001_DEMO01.xml
		Data\DM\getPreparation\H2003002_DEMO02.xml = Data\DM\getPreparation\H2003002_DEMO02.xml
		Data\DM\getPreparation\H2003003_DEMO03.xml = Data\DM\getPreparation\H2003003_DEMO03.xml
		Data\DM\getPreparation\H2003004_DEMO04.xml = Data\DM\getPreparation\H2003004_DEMO04.xml
		Data\DM\getPreparation\H2003005_DEMO05.xml = Data\DM\getPreparation\H2003005_DEMO05.xml
		Data\DM\getPreparation\H2003006_DEMO06.xml = Data\DM\getPreparation\H2003006_DEMO06.xml
		Data\DM\getPreparation\H2003007_DEMO07.xml = Data\DM\getPreparation\H2003007_DEMO07.xml
		Data\DM\getPreparation\H2003008_DEMO08.xml = Data\DM\getPreparation\H2003008_DEMO08.xml
		Data\DM\getPreparation\H2003009_DEMO09.xml = Data\DM\getPreparation\H2003009_DEMO09.xml
		Data\DM\getPreparation\H2003010_DEMO10.xml = Data\DM\getPreparation\H2003010_DEMO10.xml
		Data\DM\getPreparation\H2003011_DEMO11.xml = Data\DM\getPreparation\H2003011_DEMO11.xml
		Data\DM\getPreparation\H2003012_DEMO12.xml = Data\DM\getPreparation\H2003012_DEMO12.xml
		Data\DM\getPreparation\H2003013_DEMO13.xml = Data\DM\getPreparation\H2003013_DEMO13.xml
		Data\DM\getPreparation\H2003014_DEMO14.xml = Data\DM\getPreparation\H2003014_DEMO14.xml
		Data\DM\getPreparation\H2003015_DEMO15.xml = Data\DM\getPreparation\H2003015_DEMO15.xml
		Data\DM\getPreparation\H2003016_DEMO16.xml = Data\DM\getPreparation\H2003016_DEMO16.xml
		Data\DM\getPreparation\H2003017_DEMO17.xml = Data\DM\getPreparation\H2003017_DEMO17.xml
		Data\DM\getPreparation\H2003018_DEMO18.xml = Data\DM\getPreparation\H2003018_DEMO18.xml
		Data\DM\getPreparation\H2003019_DEMO19.xml = Data\DM\getPreparation\H2003019_DEMO19.xml
		Data\DM\getPreparation\H2003020_DEMO20.xml = Data\DM\getPreparation\H2003020_DEMO20.xml
		Data\DM\getPreparation\METH66.xml = Data\DM\getPreparation\METH66.xml
	EndProjectSection
EndProject
Project("{2150E333-8FDC-42A3-9474-1A3956D46DE8}") = "getDrugMdsPropertyHq", "getDrugMdsPropertyHq", "{785EB32E-E008-4BAD-9B8A-967D819FB593}"
	ProjectSection(SolutionItems) = preProject
		Data\DM\getDrugMdsPropertyHq\1.xml = Data\DM\getDrugMdsPropertyHq\1.xml
		Data\DM\getDrugMdsPropertyHq\H2003001_DEMO01.xml = Data\DM\getDrugMdsPropertyHq\H2003001_DEMO01.xml
		Data\DM\getDrugMdsPropertyHq\H2003002_DEMO02.xml = Data\DM\getDrugMdsPropertyHq\H2003002_DEMO02.xml
		Data\DM\getDrugMdsPropertyHq\H2003003_DEMO03.xml = Data\DM\getDrugMdsPropertyHq\H2003003_DEMO03.xml
		Data\DM\getDrugMdsPropertyHq\H2003004_DEMO04.xml = Data\DM\getDrugMdsPropertyHq\H2003004_DEMO04.xml
		Data\DM\getDrugMdsPropertyHq\H2003005_DEMO05.xml = Data\DM\getDrugMdsPropertyHq\H2003005_DEMO05.xml
		Data\DM\getDrugMdsPropertyHq\H2003006_DEMO06.xml = Data\DM\getDrugMdsPropertyHq\H2003006_DEMO06.xml
		Data\DM\getDrugMdsPropertyHq\H2003007_DEMO07.xml = Data\DM\getDrugMdsPropertyHq\H2003007_DEMO07.xml
		Data\DM\getDrugMdsPropertyHq\H2003008_DEMO08.xml = Data\DM\getDrugMdsPropertyHq\H2003008_DEMO08.xml
		Data\DM\getDrugMdsPropertyHq\H2003009_DEMO09.xml = Data\DM\getDrugMdsPropertyHq\H2003009_DEMO09.xml
		Data\DM\getDrugMdsPropertyHq\H2003010_DEMO10.xml = Data\DM\getDrugMdsPropertyHq\H2003010_DEMO10.xml
		Data\DM\getDrugMdsPropertyHq\H2003011_DEMO11.xml = Data\DM\getDrugMdsPropertyHq\H2003011_DEMO11.xml
		Data\DM\getDrugMdsPropertyHq\H2003012_DEMO12.xml = Data\DM\getDrugMdsPropertyHq\H2003012_DEMO12.xml
		Data\DM\getDrugMdsPropertyHq\H2003013_DEMO13.xml = Data\DM\getDrugMdsPropertyHq\H2003013_DEMO13.xml
		Data\DM\getDrugMdsPropertyHq\H2003014_DEMO14.xml = Data\DM\getDrugMdsPropertyHq\H2003014_DEMO14.xml
		Data\DM\getDrugMdsPropertyHq\H2003015_DEMO15.xml = Data\DM\getDrugMdsPropertyHq\H2003015_DEMO15.xml
		Data\DM\getDrugMdsPropertyHq\H2003016_DEMO16.xml = Data\DM\getDrugMdsPropertyHq\H2003016_DEMO16.xml
		Data\DM\getDrugMdsPropertyHq\H2003017_DEMO17.xml = Data\DM\getDrugMdsPropertyHq\H2003017_DEMO17.xml
		Data\DM\getDrugMdsPropertyHq\H2003018_DEMO18.xml = Data\DM\getDrugMdsPropertyHq\H2003018_DEMO18.xml
		Data\DM\getDrugMdsPropertyHq\H2003019_DEMO19.xml = Data\DM\getDrugMdsPropertyHq\H2003019_DEMO19.xml
		Data\DM\getDrugMdsPropertyHq\H2003020_DEMO20.xml = Data\DM\getDrugMdsPropertyHq\H2003020_DEMO20.xml
	EndProjectSection
EndProject
Project("{2150E333-8FDC-42A3-9474-1A3956D46DE8}") = "Req", "Req", "{87C1AAA2-1497-4301-A2DE-BFE4B9BEAE2D}"
	ProjectSection(SolutionItems) = preProject
		Data\DM\getPreparation\Req\AMET02.xml = Data\DM\getPreparation\Req\AMET02.xml
		Data\DM\getPreparation\Req\H2003001_DEMO01.xml = Data\DM\getPreparation\Req\H2003001_DEMO01.xml
		Data\DM\getPreparation\Req\H2003002_DEMO02.xml = Data\DM\getPreparation\Req\H2003002_DEMO02.xml
		Data\DM\getPreparation\Req\H2003003_DEMO03.xml = Data\DM\getPreparation\Req\H2003003_DEMO03.xml
		Data\DM\getPreparation\Req\H2003004_DEMO04.xml = Data\DM\getPreparation\Req\H2003004_DEMO04.xml
		Data\DM\getPreparation\Req\METH66.xml = Data\DM\getPreparation\Req\METH66.xml
	EndProjectSection
EndProject
Project("{2150E333-8FDC-42A3-9474-1A3956D46DE8}") = "Req", "Req", "{8EB05B79-87EF-423A-B0A5-9093A89A8939}"
	ProjectSection(SolutionItems) = preProject
		Data\DM\getDrugMdsPropertyHq\Req\1.xml = Data\DM\getDrugMdsPropertyHq\Req\1.xml
		Data\DM\getDrugMdsPropertyHq\Req\2.xml = Data\DM\getDrugMdsPropertyHq\Req\2.xml
		Data\DM\getDrugMdsPropertyHq\Req\H2003001_DEMO01.xml = Data\DM\getDrugMdsPropertyHq\Req\H2003001_DEMO01.xml
		Data\DM\getDrugMdsPropertyHq\Req\H2003002_DEMO02.xml = Data\DM\getDrugMdsPropertyHq\Req\H2003002_DEMO02.xml
		Data\DM\getDrugMdsPropertyHq\Req\H2003003_DEMO03.xml = Data\DM\getDrugMdsPropertyHq\Req\H2003003_DEMO03.xml
		Data\DM\getDrugMdsPropertyHq\Req\H2003004_DEMO04.xml = Data\DM\getDrugMdsPropertyHq\Req\H2003004_DEMO04.xml
	EndProjectSection
EndProject
Project("{2150E333-8FDC-42A3-9474-1A3956D46DE8}") = "0_Ref", "0_Ref", "{4C5BE759-CEEB-4A97-83DB-9DDE727CF053}"
	ProjectSection(SolutionItems) = preProject
		0_Ref\Microsoft.Practices.EnterpriseLibrary.Common.dll = 0_Ref\Microsoft.Practices.EnterpriseLibrary.Common.dll
		0_Ref\Microsoft.Practices.EnterpriseLibrary.Configuration.dll = 0_Ref\Microsoft.Practices.EnterpriseLibrary.Configuration.dll
		0_Ref\Microsoft.Practices.EnterpriseLibrary.Data.dll = 0_Ref\Microsoft.Practices.EnterpriseLibrary.Data.dll
		0_Ref\Microsoft.Practices.EnterpriseLibrary.Logging.dll = 0_Ref\Microsoft.Practices.EnterpriseLibrary.Logging.dll
		0_Ref\Microsoft.Practices.ObjectBuilder2.dll = 0_Ref\Microsoft.Practices.ObjectBuilder2.dll
		0_Ref\Microsoft.Practices.Unity.dll = 0_Ref\Microsoft.Practices.Unity.dll
	EndProjectSection
EndProject
Project("{FAE04EC0-301F-11D3-BF4B-00C04F79EFBC}") = "Demo.EnterpriseLibrarySamples", "Demo.EnterpriseLibrarySamples\Demo.EnterpriseLibrarySamples.csproj", "{DE8903DE-725C-4DEB-AC3D-0E2B5E56354E}"
EndProject
Project("{2150E333-8FDC-42A3-9474-1A3956D46DE8}") = "Samples", "Samples", "{11B10188-7E26-4CAB-B4F9-DC0E9B24A38F}"
EndProject
Project("{FAE04EC0-301F-11D3-BF4B-00C04F79EFBC}") = "Demo.WinFormTest", "Demo.WinFormTest\Demo.WinFormTest.csproj", "{D2C03A08-79F7-4A68-AD89-2C62B00E9FED}"
EndProject
Project("{2150E333-8FDC-42A3-9474-1A3956D46DE8}") = "OWIN", "OWIN", "{E801AF1C-14EC-43FC-9096-389CBF5E9578}"
EndProject
Project("{FAE04EC0-301F-11D3-BF4B-00C04F79EFBC}") = "Demo.OWINRESTServcieHost", "Demo.OWINRESTServcieHost\Demo.OWINRESTServcieHost.csproj", "{D151FB4E-4434-40E8-8BBF-2DCB19DC4102}"
EndProject
Project("{FAE04EC0-301F-11D3-BF4B-00C04F79EFBC}") = "Demo.HostedWindowsServices", "Demo.HostedWindowsServices\Demo.HostedWindowsServices.csproj", "{F6B88352-D8BF-4129-8732-1CA8B972CC6F}"
EndProject
Project("{FAE04EC0-301F-11D3-BF4B-00C04F79EFBC}") = "Demo.Infrastructure", "Demo.Infrastructure\Demo.Infrastructure.csproj", "{211D0BB1-ADBE-4422-B336-C87382E2B957}"
EndProject
Project("{FAE04EC0-301F-11D3-BF4B-00C04F79EFBC}") = "Demo.SoapServiceProcessor", "Demo.SoapServiceProcessor\Demo.SoapServiceProcessor.csproj", "{FA3675E0-BC5E-46D9-9F9B-11CC7645CC03}"
EndProject
Project("{FAE04EC0-301F-11D3-BF4B-00C04F79EFBC}") = "Demo.WCFSoapServices", "Demo.WCFSoapServices\Demo.WCFSoapServices.csproj", "{CEC4DBA9-2D77-470C-A123-1AA1EB8BCE98}"
EndProject
Project("{2150E333-8FDC-42A3-9474-1A3956D46DE8}") = "WCF", "WCF", "{D3C8C4C1-03FF-417A-AB80-440FB1946E6D}"
EndProject
Project("{FAE04EC0-301F-11D3-BF4B-00C04F79EFBC}") = "Demo.WCFSoapServices.Hosting", "Demo.WCFSoapServices.Hosting\Demo.WCFSoapServices.Hosting.csproj", "{5511E7AD-E8B8-4C22-8412-9B9A567F4995}"
EndProject
Project("{FAE04EC0-301F-11D3-BF4B-00C04F79EFBC}") = "Demo.WCFSoapServices.ClientConsole", "Demo.WCFSoapServices.ClientConsole\Demo.WCFSoapServices.ClientConsole.csproj", "{919BDD9B-6805-484E-A9DF-EA8CC58E71B6}"
EndProject
Global
	GlobalSection(SolutionConfigurationPlatforms) = preSolution
		Debug|Any CPU = Debug|Any CPU
		Release|Any CPU = Release|Any CPU
	EndGlobalSection
	GlobalSection(ProjectConfigurationPlatforms) = postSolution
		{BE8C3682-2147-4458-B6D7-9EA9C8F22A92}.Debug|Any CPU.ActiveCfg = Debug|Any CPU
		{BE8C3682-2147-4458-B6D7-9EA9C8F22A92}.Debug|Any CPU.Build.0 = Debug|Any CPU
		{BE8C3682-2147-4458-B6D7-9EA9C8F22A92}.Release|Any CPU.ActiveCfg = Release|Any CPU
		{BE8C3682-2147-4458-B6D7-9EA9C8F22A92}.Release|Any CPU.Build.0 = Release|Any CPU
		{4E61A17F-CC30-4F3E-8CFC-2F1ED9594B04}.Debug|Any CPU.ActiveCfg = Debug|Any CPU
		{4E61A17F-CC30-4F3E-8CFC-2F1ED9594B04}.Debug|Any CPU.Build.0 = Debug|Any CPU
		{4E61A17F-CC30-4F3E-8CFC-2F1ED9594B04}.Release|Any CPU.ActiveCfg = Release|Any CPU
		{4E61A17F-CC30-4F3E-8CFC-2F1ED9594B04}.Release|Any CPU.Build.0 = Release|Any CPU
		{65AF1249-0E75-47D2-8A3D-9579BB86D0D7}.Debug|Any CPU.ActiveCfg = Debug|Any CPU
		{65AF1249-0E75-47D2-8A3D-9579BB86D0D7}.Debug|Any CPU.Build.0 = Debug|Any CPU
		{65AF1249-0E75-47D2-8A3D-9579BB86D0D7}.Release|Any CPU.ActiveCfg = Release|Any CPU
		{65AF1249-0E75-47D2-8A3D-9579BB86D0D7}.Release|Any CPU.Build.0 = Release|Any CPU
		{8C923817-2871-41D8-AD25-F74136BB7066}.Debug|Any CPU.ActiveCfg = Debug|Any CPU
		{8C923817-2871-41D8-AD25-F74136BB7066}.Debug|Any CPU.Build.0 = Debug|Any CPU
		{8C923817-2871-41D8-AD25-F74136BB7066}.Release|Any CPU.ActiveCfg = Release|Any CPU
		{8C923817-2871-41D8-AD25-F74136BB7066}.Release|Any CPU.Build.0 = Release|Any CPU
		{6F4FAD1F-036A-4376-A685-814110E776C9}.Debug|Any CPU.ActiveCfg = Debug|Any CPU
		{6F4FAD1F-036A-4376-A685-814110E776C9}.Debug|Any CPU.Build.0 = Debug|Any CPU
		{6F4FAD1F-036A-4376-A685-814110E776C9}.Release|Any CPU.ActiveCfg = Release|Any CPU
		{6F4FAD1F-036A-4376-A685-814110E776C9}.Release|Any CPU.Build.0 = Release|Any CPU
		{E80A22B4-476F-4D01-8418-3D3AEC878C05}.Debug|Any CPU.ActiveCfg = Debug|Any CPU
		{E80A22B4-476F-4D01-8418-3D3AEC878C05}.Debug|Any CPU.Build.0 = Debug|Any CPU
		{E80A22B4-476F-4D01-8418-3D3AEC878C05}.Release|Any CPU.ActiveCfg = Release|Any CPU
		{E80A22B4-476F-4D01-8418-3D3AEC878C05}.Release|Any CPU.Build.0 = Release|Any CPU
		{ABF8A41F-AF63-4307-9F8A-13A968BB772D}.Debug|Any CPU.ActiveCfg = Debug|Any CPU
		{ABF8A41F-AF63-4307-9F8A-13A968BB772D}.Debug|Any CPU.Build.0 = Debug|Any CPU
		{ABF8A41F-AF63-4307-9F8A-13A968BB772D}.Release|Any CPU.ActiveCfg = Release|Any CPU
		{ABF8A41F-AF63-4307-9F8A-13A968BB772D}.Release|Any CPU.Build.0 = Release|Any CPU
		{4C63DB34-3612-443D-B31E-9D84CB848915}.Debug|Any CPU.ActiveCfg = Debug|Any CPU
		{4C63DB34-3612-443D-B31E-9D84CB848915}.Debug|Any CPU.Build.0 = Debug|Any CPU
		{4C63DB34-3612-443D-B31E-9D84CB848915}.Release|Any CPU.ActiveCfg = Release|Any CPU
		{4C63DB34-3612-443D-B31E-9D84CB848915}.Release|Any CPU.Build.0 = Release|Any CPU
		{E1F8AB24-9D6E-43D2-A3F6-BBC290FD2144}.Debug|Any CPU.ActiveCfg = Debug|Any CPU
		{E1F8AB24-9D6E-43D2-A3F6-BBC290FD2144}.Debug|Any CPU.Build.0 = Debug|Any CPU
		{E1F8AB24-9D6E-43D2-A3F6-BBC290FD2144}.Release|Any CPU.ActiveCfg = Release|Any CPU
		{E1F8AB24-9D6E-43D2-A3F6-BBC290FD2144}.Release|Any CPU.Build.0 = Release|Any CPU
		{7CF63643-7D3D-4D7A-AA55-9F8A6F876678}.Debug|Any CPU.ActiveCfg = Debug|Any CPU
		{7CF63643-7D3D-4D7A-AA55-9F8A6F876678}.Debug|Any CPU.Build.0 = Debug|Any CPU
		{7CF63643-7D3D-4D7A-AA55-9F8A6F876678}.Release|Any CPU.ActiveCfg = Release|Any CPU
		{7CF63643-7D3D-4D7A-AA55-9F8A6F876678}.Release|Any CPU.Build.0 = Release|Any CPU
		{DE8903DE-725C-4DEB-AC3D-0E2B5E56354E}.Debug|Any CPU.ActiveCfg = Debug|Any CPU
		{DE8903DE-725C-4DEB-AC3D-0E2B5E56354E}.Debug|Any CPU.Build.0 = Debug|Any CPU
		{DE8903DE-725C-4DEB-AC3D-0E2B5E56354E}.Release|Any CPU.ActiveCfg = Release|Any CPU
		{DE8903DE-725C-4DEB-AC3D-0E2B5E56354E}.Release|Any CPU.Build.0 = Release|Any CPU
		{D2C03A08-79F7-4A68-AD89-2C62B00E9FED}.Debug|Any CPU.ActiveCfg = Debug|Any CPU
		{D2C03A08-79F7-4A68-AD89-2C62B00E9FED}.Debug|Any CPU.Build.0 = Debug|Any CPU
		{D2C03A08-79F7-4A68-AD89-2C62B00E9FED}.Release|Any CPU.ActiveCfg = Release|Any CPU
		{D2C03A08-79F7-4A68-AD89-2C62B00E9FED}.Release|Any CPU.Build.0 = Release|Any CPU
		{D151FB4E-4434-40E8-8BBF-2DCB19DC4102}.Debug|Any CPU.ActiveCfg = Debug|Any CPU
		{D151FB4E-4434-40E8-8BBF-2DCB19DC4102}.Debug|Any CPU.Build.0 = Debug|Any CPU
		{D151FB4E-4434-40E8-8BBF-2DCB19DC4102}.Release|Any CPU.ActiveCfg = Release|Any CPU
		{D151FB4E-4434-40E8-8BBF-2DCB19DC4102}.Release|Any CPU.Build.0 = Release|Any CPU
		{F6B88352-D8BF-4129-8732-1CA8B972CC6F}.Debug|Any CPU.ActiveCfg = Debug|Any CPU
		{F6B88352-D8BF-4129-8732-1CA8B972CC6F}.Debug|Any CPU.Build.0 = Debug|Any CPU
		{F6B88352-D8BF-4129-8732-1CA8B972CC6F}.Release|Any CPU.ActiveCfg = Release|Any CPU
		{F6B88352-D8BF-4129-8732-1CA8B972CC6F}.Release|Any CPU.Build.0 = Release|Any CPU
		{211D0BB1-ADBE-4422-B336-C87382E2B957}.Debug|Any CPU.ActiveCfg = Debug|Any CPU
		{211D0BB1-ADBE-4422-B336-C87382E2B957}.Debug|Any CPU.Build.0 = Debug|Any CPU
		{211D0BB1-ADBE-4422-B336-C87382E2B957}.Release|Any CPU.ActiveCfg = Release|Any CPU
		{211D0BB1-ADBE-4422-B336-C87382E2B957}.Release|Any CPU.Build.0 = Release|Any CPU
		{FA3675E0-BC5E-46D9-9F9B-11CC7645CC03}.Debug|Any CPU.ActiveCfg = Debug|Any CPU
		{FA3675E0-BC5E-46D9-9F9B-11CC7645CC03}.Debug|Any CPU.Build.0 = Debug|Any CPU
		{FA3675E0-BC5E-46D9-9F9B-11CC7645CC03}.Release|Any CPU.ActiveCfg = Release|Any CPU
		{FA3675E0-BC5E-46D9-9F9B-11CC7645CC03}.Release|Any CPU.Build.0 = Release|Any CPU
		{CEC4DBA9-2D77-470C-A123-1AA1EB8BCE98}.Debug|Any CPU.ActiveCfg = Debug|Any CPU
		{CEC4DBA9-2D77-470C-A123-1AA1EB8BCE98}.Debug|Any CPU.Build.0 = Debug|Any CPU
		{CEC4DBA9-2D77-470C-A123-1AA1EB8BCE98}.Release|Any CPU.ActiveCfg = Release|Any CPU
		{CEC4DBA9-2D77-470C-A123-1AA1EB8BCE98}.Release|Any CPU.Build.0 = Release|Any CPU
		{5511E7AD-E8B8-4C22-8412-9B9A567F4995}.Debug|Any CPU.ActiveCfg = Debug|Any CPU
		{5511E7AD-E8B8-4C22-8412-9B9A567F4995}.Debug|Any CPU.Build.0 = Debug|Any CPU
		{5511E7AD-E8B8-4C22-8412-9B9A567F4995}.Release|Any CPU.ActiveCfg = Release|Any CPU
		{5511E7AD-E8B8-4C22-8412-9B9A567F4995}.Release|Any CPU.Build.0 = Release|Any CPU
		{919BDD9B-6805-484E-A9DF-EA8CC58E71B6}.Debug|Any CPU.ActiveCfg = Debug|Any CPU
		{919BDD9B-6805-484E-A9DF-EA8CC58E71B6}.Debug|Any CPU.Build.0 = Debug|Any CPU
		{919BDD9B-6805-484E-A9DF-EA8CC58E71B6}.Release|Any CPU.ActiveCfg = Release|Any CPU
		{919BDD9B-6805-484E-A9DF-EA8CC58E71B6}.Release|Any CPU.Build.0 = Release|Any CPU
	EndGlobalSection
	GlobalSection(SolutionProperties) = preSolution
		HideSolutionNode = FALSE
	EndGlobalSection
	GlobalSection(NestedProjects) = preSolution
		{65AF1249-0E75-47D2-8A3D-9579BB86D0D7} = {037346C3-82F2-421A-A92F-B37F2B9A1555}
		{6C372EF8-8740-4667-9C6B-9901D3D2C00A} = {D0E66100-869F-4576-A079-C5C0B0F7EB1B}
		{E80A22B4-476F-4D01-8418-3D3AEC878C05} = {037346C3-82F2-421A-A92F-B37F2B9A1555}
		{A902BCE8-868A-477C-9B43-10EB4B53D240} = {5A6E0108-98D9-44CF-876C-BC514D0098D0}
		{19DA17F4-2945-4D80-B22D-4197A2B4026D} = {5A6E0108-98D9-44CF-876C-BC514D0098D0}
		{44CDDBF7-219A-4BB0-B902-6987B6C2A176} = {A902BCE8-868A-477C-9B43-10EB4B53D240}
		{D0E66100-869F-4576-A079-C5C0B0F7EB1B} = {5A6E0108-98D9-44CF-876C-BC514D0098D0}
		{1442D4B8-6B5B-4227-BF1C-C457E7B13FD0} = {5A6E0108-98D9-44CF-876C-BC514D0098D0}
		{EED021E0-62B9-4A39-849A-18D23C8ABDD9} = {5A6E0108-98D9-44CF-876C-BC514D0098D0}
		{F721A3DF-9D67-440C-95E6-72BA3E6B1840} = {EED021E0-62B9-4A39-849A-18D23C8ABDD9}
		{785EB32E-E008-4BAD-9B8A-967D819FB593} = {EED021E0-62B9-4A39-849A-18D23C8ABDD9}
		{87C1AAA2-1497-4301-A2DE-BFE4B9BEAE2D} = {F721A3DF-9D67-440C-95E6-72BA3E6B1840}
		{8EB05B79-87EF-423A-B0A5-9093A89A8939} = {785EB32E-E008-4BAD-9B8A-967D819FB593}
		{DE8903DE-725C-4DEB-AC3D-0E2B5E56354E} = {11B10188-7E26-4CAB-B4F9-DC0E9B24A38F}
		{D2C03A08-79F7-4A68-AD89-2C62B00E9FED} = {037346C3-82F2-421A-A92F-B37F2B9A1555}
		{D151FB4E-4434-40E8-8BBF-2DCB19DC4102} = {E801AF1C-14EC-43FC-9096-389CBF5E9578}
		{CEC4DBA9-2D77-470C-A123-1AA1EB8BCE98} = {D3C8C4C1-03FF-417A-AB80-440FB1946E6D}
		{5511E7AD-E8B8-4C22-8412-9B9A567F4995} = {D3C8C4C1-03FF-417A-AB80-440FB1946E6D}
		{919BDD9B-6805-484E-A9DF-EA8CC58E71B6} = {D3C8C4C1-03FF-417A-AB80-440FB1946E6D}
	EndGlobalSection
	GlobalSection(ExtensibilityGlobals) = postSolution
		SolutionGuid = {64A04E52-286E-4C99-9020-002615A1B03E}
	EndGlobalSection
EndGlobal
